Event-driven Architecture Success is how high you bounce when you hit bottom. Containerization Serverless Opportunities don't happen. You create them. Optimization Edge Computing Success usually comes to those who are too busy to be looking for it. Machine Learning GraphQL Pull Request Neural Networks Difficult roads often lead to beautiful destinations. Database Indexing API Gateway
